
Microsoft Visual Studio Solution File, Format Version 12.00
# Visual Studio Version 17
VisualStudioVersion = 17.5.002.0
MinimumVisualStudioVersion = 10.0.40219.1
Project("{9A19103F-16F7-4668-BE54-9A1E7A4F7556}") = "Exercicio02", "Exercicio02.csproj", "{79D4C2A4-C401-4CC8-95CA-1BF5E747E9F0}"
EndProject
Global
	GlobalSection(SolutionConfigurationPlatforms) = preSolution
		Debug|Any CPU = Debug|Any CPU
		Release|Any CPU = Release|Any CPU
	EndGlobalSection
	GlobalSection(ProjectConfigurationPlatforms) = postSolution
		{79D4C2A4-C401-4CC8-95CA-1BF5E747E9F0}.Debug|Any CPU.ActiveCfg = Debug|Any CPU
		{79D4C2A4-C401-4CC8-95CA-1BF5E747E9F0}.Debug|Any CPU.Build.0 = Debug|Any CPU
		{79D4C2A4-C401-4CC8-95CA-1BF5E747E9F0}.Release|Any CPU.ActiveCfg = Release|Any CPU
		{79D4C2A4-C401-4CC8-95CA-1BF5E747E9F0}.Release|Any CPU.Build.0 = Release|Any CPU
	EndGlobalSection
	GlobalSection(SolutionProperties) = preSolution
		HideSolutionNode = FALSE
	EndGlobalSection
	GlobalSection(ExtensibilityGlobals) = postSolution
		SolutionGuid = {BD962CD3-C762-4187-8A91-D7E5EC2C5853}
	EndGlobalSection
EndGlobal
