
Microsoft Visual Studio Solution File, Format Version 12.00
# Visual Studio Version 17
VisualStudioVersion = 17.5.002.0
MinimumVisualStudioVersion = 10.0.40219.1
Project("{9A19103F-16F7-4668-BE54-9A1E7A4F7556}") = "Exemplos", "Exemplos.csproj", "{A4696AA0-927E-4C92-845B-ABB3C9D9F2E4}"
EndProject
Global
	GlobalSection(SolutionConfigurationPlatforms) = preSolution
		Debug|Any CPU = Debug|Any CPU
		Release|Any CPU = Release|Any CPU
	EndGlobalSection
	GlobalSection(ProjectConfigurationPlatforms) = postSolution
		{A4696AA0-927E-4C92-845B-ABB3C9D9F2E4}.Debug|Any CPU.ActiveCfg = Debug|Any CPU
		{A4696AA0-927E-4C92-845B-ABB3C9D9F2E4}.Debug|Any CPU.Build.0 = Debug|Any CPU
		{A4696AA0-927E-4C92-845B-ABB3C9D9F2E4}.Release|Any CPU.ActiveCfg = Release|Any CPU
		{A4696AA0-927E-4C92-845B-ABB3C9D9F2E4}.Release|Any CPU.Build.0 = Release|Any CPU
	EndGlobalSection
	GlobalSection(SolutionProperties) = preSolution
		HideSolutionNode = FALSE
	EndGlobalSection
	GlobalSection(ExtensibilityGlobals) = postSolution
		SolutionGuid = {B7B3CCF0-D9A3-4FAB-8A2A-212ABD510053}
	EndGlobalSection
EndGlobal
