
Microsoft Visual Studio Solution File, Format Version 12.00
# Visual Studio Version 17
VisualStudioVersion = 17.5.002.0
MinimumVisualStudioVersion = 10.0.40219.1
Project("{9A19103F-16F7-4668-BE54-9A1E7A4F7556}") = "Exemplos", "Exemplos.csproj", "{C21BAF10-77A9-44E9-A178-3588B6710205}"
EndProject
Global
	GlobalSection(SolutionConfigurationPlatforms) = preSolution
		Debug|Any CPU = Debug|Any CPU
		Release|Any CPU = Release|Any CPU
	EndGlobalSection
	GlobalSection(ProjectConfigurationPlatforms) = postSolution
		{C21BAF10-77A9-44E9-A178-3588B6710205}.Debug|Any CPU.ActiveCfg = Debug|Any CPU
		{C21BAF10-77A9-44E9-A178-3588B6710205}.Debug|Any CPU.Build.0 = Debug|Any CPU
		{C21BAF10-77A9-44E9-A178-3588B6710205}.Release|Any CPU.ActiveCfg = Release|Any CPU
		{C21BAF10-77A9-44E9-A178-3588B6710205}.Release|Any CPU.Build.0 = Release|Any CPU
	EndGlobalSection
	GlobalSection(SolutionProperties) = preSolution
		HideSolutionNode = FALSE
	EndGlobalSection
	GlobalSection(ExtensibilityGlobals) = postSolution
		SolutionGuid = {B9319676-9D83-4724-88F4-32E4B4C8CD7D}
	EndGlobalSection
EndGlobal
